github.com/schnerring/hugo-json-resume v0.0.0-20211010194139-fe4c915a94c1 h1:6fnoMiGRc0tz506waeqOM5zbTEpafH8TZEehyUa7IdA=
github.com/schnerring/hugo-json-resume v0.0.0-20211010194139-fe4c915a94c1/go.mod h1:jSSKQlbYFcNMMotAhDvdhbDPmQocMTfOAEL+0/TZSDQ=
github.com/schnerring/hugo-json-resume v0.0.0-20211010194603-6ad42a0eb38e h1:pl4uS+CN2o6OuCYWuk7gcSXgQqzMVO/9X+1rTXSkkWI=
github.com/schnerring/hugo-json-resume v0.0.0-20211010194603-6ad42a0eb38e/go.mod h1:pXjWPtH/lJnNZ+oP/MVq1pHvkulQaItphaSJ5GectLg=
github.com/schnerring/hugo-json-resume v0.0.0-20211010195847-098b663e3da7 h1:fVzDk2uPZZl4Fef1kTD3Xatw9YxAS0dQpy0zGHDSEBc=
github.com/schnerring/hugo-json-resume v0.0.0-20211010195847-098b663e3da7/go.mod h1:pXjWPtH/lJnNZ+oP/MVq1pHvkulQaItphaSJ5GectLg=
github.com/schnerring/hugo-json-resume v0.0.0-20211010200356-586a825dd606 h1:pAfjPp9pMRWoGYzXXlq2DE5IKdsA3dTuRI35solf13s=
github.com/schnerring/hugo-json-resume v0.0.0-20211010200356-586a825dd606/go.mod h1:pXjWPtH/lJnNZ+oP/MVq1pHvkulQaItphaSJ5GectLg=
github.com/schnerring/hugo-json-resume v0.0.0-20211010200552-9b10d57cff4e h1:OVXujTe5zIiwiPVKBIezgcmEN8due68PCmqQDKvnb0Q=
github.com/schnerring/hugo-json-resume v0.0.0-20211010200552-9b10d57cff4e/go.mod h1:pXjWPtH/lJnNZ+oP/MVq1pHvkulQaItphaSJ5GectLg=
github.com/schnerring/hugo-json-resume v0.0.0-20211010201135-17475c108e21 h1:bCukCM4buhCpMDHxylcVr4CmjQE8cXvCMoOrzTY8vbU=
github.com/schnerring/hugo-json-resume v0.0.0-20211010201135-17475c108e21/go.mod h1:pXjWPtH/lJnNZ+oP/MVq1pHvkulQaItphaSJ5GectLg=
github.com/schnerring/hugo-json-resume v0.0.0-20211010202739-500cb5fbf10c h1:vSu4ryyTZVUz3ZnRI0IFeqWR9Hr05lM6WmVF6jGbfLw=
github.com/schnerring/hugo-json-resume v0.0.0-20211010202739-500cb5fbf10c/go.mod h1:pXjWPtH/lJnNZ+oP/MVq1pHvkulQaItphaSJ5GectLg=
github.com/schnerring/hugo-json-resume v0.0.0-20211010203203-9ec3ad63eb68 h1:LQKuSdZJ9dNqbcpRVxOG/26GK1y03Rz6+qwa6xEsNsA=
github.com/schnerring/hugo-json-resume v0.0.0-20211010203203-9ec3ad63eb68/go.mod h1:pXjWPtH/lJnNZ+oP/MVq1pHvkulQaItphaSJ5GectLg=
github.com/schnerring/hugo-json-resume v0.0.0-20211010203304-d32ad8e6c693 h1:josB9WCqfbWFuf8a6MU6wvsMXdy6U2HJJ3YUI8AEA8k=
github.com/schnerring/hugo-json-resume v0.0.0-20211010203304-d32ad8e6c693/go.mod h1:pXjWPtH/lJnNZ+oP/MVq1pHvkulQaItphaSJ5GectLg=
github.com/schnerring/hugo-json-resume v0.0.0-20211010203512-82a39b0fb5a7 h1:Zc06uIzZVCQe7vw1J4/HO037/lyI7qMrETQQTSnRAlI=
github.com/schnerring/hugo-json-resume v0.0.0-20211010203512-82a39b0fb5a7/go.mod h1:pXjWPtH/lJnNZ+oP/MVq1pHvkulQaItphaSJ5GectLg=
