github.com/schnerring/hugo-mod-github-readme-stats v0.0.0-20230423130951-8434ec84c039 h1:k3pRVJV+a8IqYS3LgHeH30PBEVSsDoWo5y5ihMrzqzw=
github.com/schnerring/hugo-mod-github-readme-stats v0.0.0-20230423130951-8434ec84c039/go.mod h1:z4vUJI1wKvBAjLspJtQZ7thpO6UDey8d4QHRydjo15Q=
github.com/schnerring/hugo-mod-json-resume v0.0.0-20230423130938-4f0990f39d2a h1:wVqW2hYAIeO2YDAPRIxTZrpphUOUq1nUfPtKbDeb1MM=
github.com/schnerring/hugo-mod-json-resume v0.0.0-20230423130938-4f0990f39d2a/go.mod h1:LU9A5Os43gWPvu7OcSmbhn8bbOiBiFW6t/uSCt5zHaM=
